
Microsoft Visual Studio Solution File, Format Version 12.00
# Visual Studio 2012
Project("{FAE04EC0-301F-11D3-BF4B-00C04F79EFBC}") = "Clients.Windows", "Clients.Windows\Clients.Windows.csproj", "{817A8C29-84AF-414A-A800-1447B07E0647}"
EndProject
Project("{FAE04EC0-301F-11D3-BF4B-00C04F79EFBC}") = "Clients.Windows.Launcher", "Clients.Windows.Launcher\Clients.Windows.Launcher.csproj", "{60C1A098-02EB-498A-9ADE-F3388C2A7DE9}"
EndProject
Project("{FAE04EC0-301F-11D3-BF4B-00C04F79EFBC}") = "Core.AddIns", "Core.AddIns\Core.AddIns.csproj", "{025B2C20-3622-474C-898B-AC1FF42FB837}"
EndProject
Project("{FAE04EC0-301F-11D3-BF4B-00C04F79EFBC}") = "Core", "Core\Core.csproj", "{F650AB80-45E1-44F3-897A-2AF5F774C71D}"
EndProject
Project("{FAE04EC0-301F-11D3-BF4B-00C04F79EFBC}") = "Core.UnitTests", "Core.UnitTests\Core.UnitTests.csproj", "{CB3C98F1-3BDC-4B98-92EC-A80691B01AD8}"
EndProject
Project("{FAE04EC0-301F-11D3-BF4B-00C04F79EFBC}") = "Clients.Windows.Protocol.Wrapper", "Clients.Windows.Protocol.Wrapper\Clients.Windows.Protocol.Wrapper.csproj", "{CCFCB3E3-9BD2-4317-8CC2-6A52532A1AAF}"
EndProject
Project("{FAE04EC0-301F-11D3-BF4B-00C04F79EFBC}") = "Core.AddIns.Contrib", "Core.AddIns.Contrib\Core.AddIns.Contrib.csproj", "{632B705B-989F-4D0B-BE67-BEECBAEF6751}"
EndProject
Project("{2150E333-8FDC-42A3-9474-1A3956D46DE8}") = ".nuget", ".nuget", "{ACA0B23F-5835-4B47-B34B-2BEAF086D846}"
	ProjectSection(SolutionItems) = preProject
		.nuget\NuGet.Config = .nuget\NuGet.Config
		.nuget\NuGet.exe = .nuget\NuGet.exe
		.nuget\NuGet.targets = .nuget\NuGet.targets
	EndProjectSection
EndProject
Global
	GlobalSection(SolutionConfigurationPlatforms) = preSolution
		Debug|Any CPU = Debug|Any CPU
		Release|Any CPU = Release|Any CPU
	EndGlobalSection
	GlobalSection(ProjectConfigurationPlatforms) = postSolution
		{817A8C29-84AF-414A-A800-1447B07E0647}.Debug|Any CPU.ActiveCfg = Debug|Any CPU
		{817A8C29-84AF-414A-A800-1447B07E0647}.Debug|Any CPU.Build.0 = Debug|Any CPU
		{817A8C29-84AF-414A-A800-1447B07E0647}.Release|Any CPU.ActiveCfg = Release|Any CPU
		{817A8C29-84AF-414A-A800-1447B07E0647}.Release|Any CPU.Build.0 = Release|Any CPU
		{60C1A098-02EB-498A-9ADE-F3388C2A7DE9}.Debug|Any CPU.ActiveCfg = Debug|Any CPU
		{60C1A098-02EB-498A-9ADE-F3388C2A7DE9}.Debug|Any CPU.Build.0 = Debug|Any CPU
		{60C1A098-02EB-498A-9ADE-F3388C2A7DE9}.Release|Any CPU.ActiveCfg = Release|Any CPU
		{60C1A098-02EB-498A-9ADE-F3388C2A7DE9}.Release|Any CPU.Build.0 = Release|Any CPU
		{025B2C20-3622-474C-898B-AC1FF42FB837}.Debug|Any CPU.ActiveCfg = Debug|Any CPU
		{025B2C20-3622-474C-898B-AC1FF42FB837}.Debug|Any CPU.Build.0 = Debug|Any CPU
		{025B2C20-3622-474C-898B-AC1FF42FB837}.Release|Any CPU.ActiveCfg = Release|Any CPU
		{025B2C20-3622-474C-898B-AC1FF42FB837}.Release|Any CPU.Build.0 = Release|Any CPU
		{F650AB80-45E1-44F3-897A-2AF5F774C71D}.Debug|Any CPU.ActiveCfg = Debug|Any CPU
		{F650AB80-45E1-44F3-897A-2AF5F774C71D}.Debug|Any CPU.Build.0 = Debug|Any CPU
		{F650AB80-45E1-44F3-897A-2AF5F774C71D}.Release|Any CPU.ActiveCfg = Release|Any CPU
		{F650AB80-45E1-44F3-897A-2AF5F774C71D}.Release|Any CPU.Build.0 = Release|Any CPU
		{CB3C98F1-3BDC-4B98-92EC-A80691B01AD8}.Debug|Any CPU.ActiveCfg = Debug|Any CPU
		{CB3C98F1-3BDC-4B98-92EC-A80691B01AD8}.Debug|Any CPU.Build.0 = Debug|Any CPU
		{CB3C98F1-3BDC-4B98-92EC-A80691B01AD8}.Release|Any CPU.ActiveCfg = Release|Any CPU
		{CB3C98F1-3BDC-4B98-92EC-A80691B01AD8}.Release|Any CPU.Build.0 = Release|Any CPU
		{CCFCB3E3-9BD2-4317-8CC2-6A52532A1AAF}.Debug|Any CPU.ActiveCfg = Debug|Any CPU
		{CCFCB3E3-9BD2-4317-8CC2-6A52532A1AAF}.Debug|Any CPU.Build.0 = Debug|Any CPU
		{CCFCB3E3-9BD2-4317-8CC2-6A52532A1AAF}.Release|Any CPU.ActiveCfg = Release|Any CPU
		{CCFCB3E3-9BD2-4317-8CC2-6A52532A1AAF}.Release|Any CPU.Build.0 = Release|Any CPU
		{632B705B-989F-4D0B-BE67-BEECBAEF6751}.Debug|Any CPU.ActiveCfg = Debug|Any CPU
		{632B705B-989F-4D0B-BE67-BEECBAEF6751}.Debug|Any CPU.Build.0 = Debug|Any CPU
		{632B705B-989F-4D0B-BE67-BEECBAEF6751}.Release|Any CPU.ActiveCfg = Release|Any CPU
		{632B705B-989F-4D0B-BE67-BEECBAEF6751}.Release|Any CPU.Build.0 = Release|Any CPU
	EndGlobalSection
	GlobalSection(SolutionProperties) = preSolution
		HideSolutionNode = FALSE
	EndGlobalSection
	GlobalSection(NDepend) = preSolution
		Project = ".\DesktopGap.ndproj"
	EndGlobalSection
EndGlobal
